PODS:
  - flutter_pcm_sound (0.0.1):
    - FlutterMacOS
  - flutter_screen_share (0.0.1):
    - FlutterMacOS
    - SDWebImage
    - SDWebImageWebPCoder
  - FlutterMacOS (1.0.0)
  - libwebp (1.5.0):
    - libwebp/demux (= 1.5.0)
    - libwebp/mux (= 1.5.0)
    - libwebp/sharpyuv (= 1.5.0)
    - libwebp/webp (= 1.5.0)
  - libwebp/demux (1.5.0):
    - libwebp/webp
  - libwebp/mux (1.5.0):
    - libwebp/demux
  - libwebp/sharpyuv (1.5.0)
  - libwebp/webp (1.5.0):
    - libwebp/sharpyuv
  - record_darwin (1.0.0):
    - FlutterMacOS
  - SDWebImage (5.20.0):
    - SDWebImage/Core (= 5.20.0)
  - SDWebImage/Core (5.20.0)
  - SDWebImageWebPCoder (0.14.6):
    - libwebp (~> 1.0)
    - SDWebImage/Core (~> 5.17)

DEPENDENCIES:
  - flutter_pcm_sound (from `Flutter/ephemeral/.symlinks/plugins/flutter_pcm_sound/macos`)
  - flutter_screen_share (from `Flutter/ephemeral/.symlinks/plugins/flutter_screen_share/macos`)
  - FlutterMacOS (from `Flutter/ephemeral`)
  - record_darwin (from `Flutter/ephemeral/.symlinks/plugins/record_darwin/macos`)

SPEC REPOS:
  trunk:
    - libwebp
    - SDWebImage
    - SDWebImageWebPCoder

EXTERNAL SOURCES:
  flutter_pcm_sound:
    :path: Flutter/ephemeral/.symlinks/plugins/flutter_pcm_sound/macos
  flutter_screen_share:
    :path: Flutter/ephemeral/.symlinks/plugins/flutter_screen_share/macos
  FlutterMacOS:
    :path: Flutter/ephemeral
  record_darwin:
    :path: Flutter/ephemeral/.symlinks/plugins/record_darwin/macos

SPEC CHECKSUMS:
  flutter_pcm_sound: 4d212fcd1b3524b0891da25d77912672b66c97fb
  flutter_screen_share: 962772bc8e7460925e8c5cb1a6cf187a7eaf0d27
  FlutterMacOS: 8f6f14fa908a6fb3fba0cd85dbd81ec4b251fb24
  libwebp: 02b23773aedb6ff1fd38cec7a77b81414c6842a8
  record_darwin: a0d515a0ef78c440c123ea3ac76184c9927a94d6
  SDWebImage: 73c6079366fea25fa4bb9640d5fb58f0893facd8
  SDWebImageWebPCoder: e38c0a70396191361d60c092933e22c20d5b1380

PODFILE CHECKSUM: fb191a4d0c8b0c9b663dde19a83f072149e445f0

COCOAPODS: 1.16.2
